
Microsoft Visual Studio Solution File, Format Version 12.00
# Visual Studio Version 17
VisualStudioVersion = 17.4.33122.133
MinimumVisualStudioVersion = 10.0.40219.1
Project("{FAE04EC0-301F-11D3-BF4B-00C04F79EFBC}") = "MobileRepairSystem", "MobileRepairSystem.csproj", "{373332FE-53EA-4CE4-8F56-429C7D06446D}"
EndProject
Global
	GlobalSection(SolutionConfigurationPlatforms) = preSolution
		Debug|Any CPU = Debug|Any CPU
		Release|Any CPU = Release|Any CPU
	EndGlobalSection
	GlobalSection(ProjectConfigurationPlatforms) = postSolution
		{373332FE-53EA-4CE4-8F56-429C7D06446D}.Debug|Any CPU.ActiveCfg = Debug|Any CPU
		{373332FE-53EA-4CE4-8F56-429C7D06446D}.Debug|Any CPU.Build.0 = Debug|Any CPU
		{373332FE-53EA-4CE4-8F56-429C7D06446D}.Release|Any CPU.ActiveCfg = Release|Any CPU
		{373332FE-53EA-4CE4-8F56-429C7D06446D}.Release|Any CPU.Build.0 = Release|Any CPU
	EndGlobalSection
	GlobalSection(SolutionProperties) = preSolution
		HideSolutionNode = FALSE
	EndGlobalSection
	GlobalSection(ExtensibilityGlobals) = postSolution
		SolutionGuid = {043AF89A-2302-4477-92C8-138733C63615}
	EndGlobalSection
EndGlobal
